
Microsoft Visual Studio Solution File, Format Version 12.00
# Visual Studio Version 17
VisualStudioVersion = 17.7.34018.315
MinimumVisualStudioVersion = 10.0.40219.1
Project("{FAE04EC0-301F-11D3-BF4B-00C04F79EFBC}") = "SuperMarketApi", "SuperMarketApi\SuperMarketApi.csproj", "{77E35446-B482-4575-A265-0D87CE5CF7AB}"
EndProject
Global
	GlobalSection(SolutionConfigurationPlatforms) = preSolution
		Debug|Any CPU = Debug|Any CPU
		Release|Any CPU = Release|Any CPU
	EndGlobalSection
	GlobalSection(ProjectConfigurationPlatforms) = postSolution
		{77E35446-B482-4575-A265-0D87CE5CF7AB}.Debug|Any CPU.ActiveCfg = Debug|Any CPU
		{77E35446-B482-4575-A265-0D87CE5CF7AB}.Debug|Any CPU.Build.0 = Debug|Any CPU
		{77E35446-B482-4575-A265-0D87CE5CF7AB}.Release|Any CPU.ActiveCfg = Release|Any CPU
		{77E35446-B482-4575-A265-0D87CE5CF7AB}.Release|Any CPU.Build.0 = Release|Any CPU
	EndGlobalSection
	GlobalSection(SolutionProperties) = preSolution
		HideSolutionNode = FALSE
	EndGlobalSection
	GlobalSection(ExtensibilityGlobals) = postSolution
		SolutionGuid = {720C67E6-96B1-44C7-9423-90FDD545C98B}
	EndGlobalSection
EndGlobal
